
Microsoft Visual Studio Solution File, Format Version 12.00
# Visual Studio Version 17
VisualStudioVersion = 17.11.35327.3
MinimumVisualStudioVersion = 10.0.40219.1
Project("{FAE04EC0-301F-11D3-BF4B-00C04F79EFBC}") = "Store.G04.APIs", "Store.G04.APIs\Store.G04.APIs.csproj", "{28076119-E245-4D2D-9898-3AF6A1F6DAF4}"
EndProject
Project("{FAE04EC0-301F-11D3-BF4B-00C04F79EFBC}") = "Store.G04.Core", "Store.G04.Core\Store.G04.Core.csproj", "{C82C795D-8372-4608-BCF5-AE8D76007263}"
EndProject
Project("{FAE04EC0-301F-11D3-BF4B-00C04F79EFBC}") = "Store.G04.Ropository", "Store.G04.Ropository\Store.G04.Ropository.csproj", "{D1A0A2D2-C077-4FF1-ABF2-3AF802A8EADA}"
EndProject
Project("{FAE04EC0-301F-11D3-BF4B-00C04F79EFBC}") = "Store.G04.Service", "Store.G04.Service\Store.G04.Service.csproj", "{B58357A8-3183-4A8D-9177-EB73521AD8EE}"
EndProject
Global
	GlobalSection(SolutionConfigurationPlatforms) = preSolution
		Debug|Any CPU = Debug|Any CPU
		Release|Any CPU = Release|Any CPU
	EndGlobalSection
	GlobalSection(ProjectConfigurationPlatforms) = postSolution
		{28076119-E245-4D2D-9898-3AF6A1F6DAF4}.Debug|Any CPU.ActiveCfg = Debug|Any CPU
		{28076119-E245-4D2D-9898-3AF6A1F6DAF4}.Debug|Any CPU.Build.0 = Debug|Any CPU
		{28076119-E245-4D2D-9898-3AF6A1F6DAF4}.Release|Any CPU.ActiveCfg = Release|Any CPU
		{28076119-E245-4D2D-9898-3AF6A1F6DAF4}.Release|Any CPU.Build.0 = Release|Any CPU
		{C82C795D-8372-4608-BCF5-AE8D76007263}.Debug|Any CPU.ActiveCfg = Debug|Any CPU
		{C82C795D-8372-4608-BCF5-AE8D76007263}.Debug|Any CPU.Build.0 = Debug|Any CPU
		{C82C795D-8372-4608-BCF5-AE8D76007263}.Release|Any CPU.ActiveCfg = Release|Any CPU
		{C82C795D-8372-4608-BCF5-AE8D76007263}.Release|Any CPU.Build.0 = Release|Any CPU
		{D1A0A2D2-C077-4FF1-ABF2-3AF802A8EADA}.Debug|Any CPU.ActiveCfg = Debug|Any CPU
		{D1A0A2D2-C077-4FF1-ABF2-3AF802A8EADA}.Debug|Any CPU.Build.0 = Debug|Any CPU
		{D1A0A2D2-C077-4FF1-ABF2-3AF802A8EADA}.Release|Any CPU.ActiveCfg = Release|Any CPU
		{D1A0A2D2-C077-4FF1-ABF2-3AF802A8EADA}.Release|Any CPU.Build.0 = Release|Any CPU
		{B58357A8-3183-4A8D-9177-EB73521AD8EE}.Debug|Any CPU.ActiveCfg = Debug|Any CPU
		{B58357A8-3183-4A8D-9177-EB73521AD8EE}.Debug|Any CPU.Build.0 = Debug|Any CPU
		{B58357A8-3183-4A8D-9177-EB73521AD8EE}.Release|Any CPU.ActiveCfg = Release|Any CPU
		{B58357A8-3183-4A8D-9177-EB73521AD8EE}.Release|Any CPU.Build.0 = Release|Any CPU
	EndGlobalSection
	GlobalSection(SolutionProperties) = preSolution
		HideSolutionNode = FALSE
	EndGlobalSection
	GlobalSection(ExtensibilityGlobals) = postSolution
		SolutionGuid = {197747BB-830F-4479-9481-C9CC6D29E894}
	EndGlobalSection
EndGlobal
